// !$*UTF8*$!
{
	archiveVersion = 1;
	classes = {
	};
	objectVersion = 50;
	objects = {

/* Begin PBXBuildFile section */
		7CD5B2B123FF5C4C005A2AEA /* AppDelegate.swift in Sources */ = {isa = PBXBuildFile; fileRef = 7CD5B2B023FF5C4C005A2AEA /* AppDelegate.swift */; };
		7CD5B2B323FF5C4C005A2AEA /* SceneDelegate.swift in Sources */ = {isa = PBXBuildFile; fileRef = 7CD5B2B223FF5C4C005A2AEA /* SceneDelegate.swift */; };
		7CD5B2B523FF5C4C005A2AEA /* ContentView.swift in Sources */ = {isa = PBXBuildFile; fileRef = 7CD5B2B423FF5C4C005A2AEA /* ContentView.swift */; };
		7CD5B2B723FF5C4D005A2AEA /* Assets.xcassets in Resources */ = {isa = PBXBuildFile; fileRef = 7CD5B2B623FF5C4D005A2AEA /* Assets.xcassets */; };
		7CD5B2BA23FF5C4D005A2AEA /* Preview Assets.xcassets in Resources */ = {isa = PBXBuildFile; fileRef = 7CD5B2B923FF5C4D005A2AEA /* Preview Assets.xcassets */; };
		7CD5B2BD23FF5C4D005A2AEA /* LaunchScreen.storyboard in Resources */ = {isa = PBXBuildFile; fileRef = 7CD5B2BB23FF5C4D005A2AEA /* LaunchScreen.storyboard */; };
		7CD5B2C823FF5C4E005A2AEA /* BudgetTests.swift in Sources */ = {isa = PBXBuildFile; fileRef = 7CD5B2C723FF5C4E005A2AEA /* BudgetTests.swift */; };
		7CD5B2D323FF5C4E005A2AEA /* BudgetUITests.swift in Sources */ = {isa = PBXBuildFile; fileRef = 7CD5B2D223FF5C4E005A2AEA /* BudgetUITests.swift */; };
		7CD5B2E123FF89A0005A2AEA /* Category.swift in Sources */ = {isa = PBXBuildFile; fileRef = 7CD5B2E023FF89A0005A2AEA /* Category.swift */; };
/* End PBXBuildFile section */

/* Begin PBXContainerItemProxy section */
		7CD5B2C423FF5C4E005A2AEA /* PBXContainerItemProxy */ = {
			isa = PBXContainerItemProxy;
			containerPortal = 7CD5B2A523FF5C4C005A2AEA /* Project object */;
			proxyType = 1;
			remoteGlobalIDString = 7CD5B2AC23FF5C4C005A2AEA;
			remoteInfo = Budget;
		};
		7CD5B2CF23FF5C4E005A2AEA /* PBXContainerItemProxy */ = {
			isa = PBXContainerItemProxy;
			containerPortal = 7CD5B2A523FF5C4C005A2AEA /* Project object */;
			proxyType = 1;
			remoteGlobalIDString = 7CD5B2AC23FF5C4C005A2AEA;
			remoteInfo = Budget;
		};
/* End PBXContainerItemProxy section */

/* Begin PBXFileReference section */
		7CD5B2AD23FF5C4C005A2AEA /* Budget.app */ = {isa = PBXFileReference; explicitFileType = wrapper.application; includeInIndex = 0; path = Budget.app; sourceTree = BUILT_PRODUCTS_DIR; };
		7CD5B2B023FF5C4C005A2AEA /* AppDelegate.swift */ = {isa = PBXFileReference; lastKnownFileType = sourcecode.swift; path = AppDelegate.swift; sourceTree = "<group>"; };
		7CD5B2B223FF5C4C005A2AEA /* SceneDelegate.swift */ = {isa = PBXFileReference; lastKnownFileType = sourcecode.swift; path = SceneDelegate.swift; sourceTree = "<group>"; };
		7CD5B2B423FF5C4C005A2AEA /* ContentView.swift */ = {isa = PBXFileReference; lastKnownFileType = sourcecode.swift; path = ContentView.swift; sourceTree = "<group>"; };
		7CD5B2B623FF5C4D005A2AEA /* Assets.xcassets */ = {isa = PBXFileReference; lastKnownFileType = folder.assetcatalog; path = Assets.xcassets; sourceTree = "<group>"; };
		7CD5B2B923FF5C4D005A2AEA /* Preview Assets.xcassets */ = {isa = PBXFileReference; lastKnownFileType = folder.assetcatalog; path = "Preview Assets.xcassets"; sourceTree = "<group>"; };
		7CD5B2BC23FF5C4D005A2AEA /* Base */ = {isa = PBXFileReference; lastKnownFileType = file.storyboard; name = Base; path = Base.lproj/LaunchScreen.storyboard; sourceTree = "<group>"; };
		7CD5B2BE23FF5C4D005A2AEA /* Info.plist */ = {isa = PBXFileReference; lastKnownFileType = text.plist.xml; path = Info.plist; sourceTree = "<group>"; };
		7CD5B2C323FF5C4E005A2AEA /* BudgetTests.xctest */ = {isa = PBXFileReference; explicitFileType = wrapper.cfbundle; includeInIndex = 0; path = BudgetTests.xctest; sourceTree = BUILT_PRODUCTS_DIR; };
		7CD5B2C723FF5C4E005A2AEA /* BudgetTests.swift */ = {isa = PBXFileReference; lastKnownFileType = sourcecode.swift; path = BudgetTests.swift; sourceTree = "<group>"; };
		7CD5B2C923FF5C4E005A2AEA /* Info.plist */ = {isa = PBXFileReference; lastKnownFileType = text.plist.xml; path = Info.plist; sourceTree = "<group>"; };
		7CD5B2CE23FF5C4E005A2AEA /* BudgetUITests.xctest */ = {isa = PBXFileReference; explicitFileType = wrapper.cfbundle; includeInIndex = 0; path = BudgetUITests.xctest; sourceTree = BUILT_PRODUCTS_DIR; };
		7CD5B2D223FF5C4E005A2AEA /* BudgetUITests.swift */ = {isa = PBXFileReference; lastKnownFileType = sourcecode.swift; path = BudgetUITests.swift; sourceTree = "<group>"; };
		7CD5B2D423FF5C4E005A2AEA /* Info.plist */ = {isa = PBXFileReference; lastKnownFileType = text.plist.xml; path = Info.plist; sourceTree = "<group>"; };
		7CD5B2E023FF89A0005A2AEA /* Category.swift */ = {isa = PBXFileReference; lastKnownFileType = sourcecode.swift; path = Category.swift; sourceTree = "<group>"; };
/* End PBXFileReference section */

/* Begin PBXFrameworksBuildPhase section */
		7CD5B2AA23FF5C4C005A2AEA /* Frameworks */ = {
			isa = PBXFrameworksBuildPhase;
			buildActionMask = 2147483647;
			files = (
			);
			runOnlyForDeploymentPostprocessing = 0;
		};
		7CD5B2C023FF5C4E005A2AEA /* Frameworks */ = {
			isa = PBXFrameworksBuildPhase;
			buildActionMask = 2147483647;
			files = (
			);
			runOnlyForDeploymentPostprocessing = 0;
		};
		7CD5B2CB23FF5C4E005A2AEA /* Frameworks */ = {
			isa = PBXFrameworksBuildPhase;
			buildActionMask = 2147483647;
			files = (
			);
			runOnlyForDeploymentPostprocessing = 0;
		};
/* End PBXFrameworksBuildPhase section */

/* Begin PBXGroup section */
		7CD5B2A423FF5C4C005A2AEA = {
			isa = PBXGroup;
			children = (
				7CD5B2AF23FF5C4C005A2AEA /* Budget */,
				7CD5B2C623FF5C4E005A2AEA /* BudgetTests */,
				7CD5B2D123FF5C4E005A2AEA /* BudgetUITests */,
				7CD5B2AE23FF5C4C005A2AEA /* Products */,
			);
			sourceTree = "<group>";
		};
		7CD5B2AE23FF5C4C005A2AEA /* Products */ = {
			isa = PBXGroup;
			children = (
				7CD5B2AD23FF5C4C005A2AEA /* Budget.app */,
				7CD5B2C323FF5C4E005A2AEA /* BudgetTests.xctest */,
				7CD5B2CE23FF5C4E005A2AEA /* BudgetUITests.xctest */,
			);
			name = Products;
			sourceTree = "<group>";
		};
		7CD5B2AF23FF5C4C005A2AEA /* Budget */ = {
			isa = PBXGroup;
			children = (
				7CD5B2B023FF5C4C005A2AEA /* AppDelegate.swift */,
				7CD5B2B223FF5C4C005A2AEA /* SceneDelegate.swift */,
				7CD5B2B423FF5C4C005A2AEA /* ContentView.swift */,
				7CD5B2B623FF5C4D005A2AEA /* Assets.xcassets */,
				7CD5B2BB23FF5C4D005A2AEA /* LaunchScreen.storyboard */,
				7CD5B2BE23FF5C4D005A2AEA /* Info.plist */,
				7CD5B2B823FF5C4D005A2AEA /* Preview Content */,
				7CD5B2E023FF89A0005A2AEA /* Category.swift */,
			);
			path = Budget;
			sourceTree = "<group>";
		};
		7CD5B2B823FF5C4D005A2AEA /* Preview Content */ = {
			isa = PBXGroup;
			children = (
				7CD5B2B923FF5C4D005A2AEA /* Preview Assets.xcassets */,
			);
			path = "Preview Content";
			sourceTree = "<group>";
		};
		7CD5B2C623FF5C4E005A2AEA /* BudgetTests */ = {
			isa = PBXGroup;
			children = (
				7CD5B2C723FF5C4E005A2AEA /* BudgetTests.swift */,
				7CD5B2C923FF5C4E005A2AEA /* Info.plist */,
			);
			path = BudgetTests;
			sourceTree = "<group>";
		};
		7CD5B2D123FF5C4E005A2AEA /* BudgetUITests */ = {
			isa = PBXGroup;
			children = (
				7CD5B2D223FF5C4E005A2AEA /* BudgetUITests.swift */,
				7CD5B2D423FF5C4E005A2AEA /* Info.plist */,
			);
			path = BudgetUITests;
			sourceTree = "<group>";
		};
/* End PBXGroup section */

/* Begin PBXNativeTarget section */
		7CD5B2AC23FF5C4C005A2AEA /* Budget */ = {
			isa = PBXNativeTarget;
			buildConfigurationList = 7CD5B2D723FF5C4E005A2AEA /* Build configuration list for PBXNativeTarget "Budget" */;
			buildPhases = (
				7CD5B2A923FF5C4C005A2AEA /* Sources */,
				7CD5B2AA23FF5C4C005A2AEA /* Frameworks */,
				7CD5B2AB23FF5C4C005A2AEA /* Resources */,
			);
			buildRules = (
			);
			dependencies = (
			);
			name = Budget;
			productName = Budget;
			productReference = 7CD5B2AD23FF5C4C005A2AEA /* Budget.app */;
			productType = "com.apple.product-type.application";
		};
		7CD5B2C223FF5C4E005A2AEA /* BudgetTests */ = {
			isa = PBXNativeTarget;
			buildConfigurationList = 7CD5B2DA23FF5C4E005A2AEA /* Build configuration list for PBXNativeTarget "BudgetTests" */;
			buildPhases = (
				7CD5B2BF23FF5C4E005A2AEA /* Sources */,
				7CD5B2C023FF5C4E005A2AEA /* Frameworks */,
				7CD5B2C123FF5C4E005A2AEA /* Resources */,
			);
			buildRules = (
			);
			dependencies = (
				7CD5B2C523FF5C4E005A2AEA /* PBXTargetDependency */,
			);
			name = BudgetTests;
			productName = BudgetTests;
			productReference = 7CD5B2C323FF5C4E005A2AEA /* BudgetTests.xctest */;
			productType = "com.apple.product-type.bundle.unit-test";
		};
		7CD5B2CD23FF5C4E005A2AEA /* BudgetUITests */ = {
			isa = PBXNativeTarget;
			buildConfigurationList = 7CD5B2DD23FF5C4E005A2AEA /* Build configuration list for PBXNativeTarget "BudgetUITests" */;
			buildPhases = (
				7CD5B2CA23FF5C4E005A2AEA /* Sources */,
				7CD5B2CB23FF5C4E005A2AEA /* Frameworks */,
				7CD5B2CC23FF5C4E005A2AEA /* Resources */,
			);
			buildRules = (
			);
			dependencies = (
				7CD5B2D023FF5C4E005A2AEA /* PBXTargetDependency */,
			);
			name = BudgetUITests;
			productName = BudgetUITests;
			productReference = 7CD5B2CE23FF5C4E005A2AEA /* BudgetUITests.xctest */;
			productType = "com.apple.product-type.bundle.ui-testing";
		};
/* End PBXNativeTarget section */

/* Begin PBXProject section */
		7CD5B2A523FF5C4C005A2AEA /* Project object */ = {
			isa = PBXProject;
			attributes = {
				LastSwiftUpdateCheck = 1130;
				LastUpgradeCheck = 1130;
				ORGANIZATIONNAME = "Joseph Chica";
				TargetAttributes = {
					7CD5B2AC23FF5C4C005A2AEA = {
						CreatedOnToolsVersion = 11.3.1;
					};
					7CD5B2C223FF5C4E005A2AEA = {
						CreatedOnToolsVersion = 11.3.1;
						TestTargetID = 7CD5B2AC23FF5C4C005A2AEA;
					};
					7CD5B2CD23FF5C4E005A2AEA = {
						CreatedOnToolsVersion = 11.3.1;
						TestTargetID = 7CD5B2AC23FF5C4C005A2AEA;
					};
				};
			};
			buildConfigurationList = 7CD5B2A823FF5C4C005A2AEA /* Build configuration list for PBXProject "Budget" */;
			compatibilityVersion = "Xcode 9.3";
			developmentRegion = en;
			hasScannedForEncodings = 0;
			knownRegions = (
				en,
				Base,
			);
			mainGroup = 7CD5B2A423FF5C4C005A2AEA;
			productRefGroup = 7CD5B2AE23FF5C4C005A2AEA /* Products */;
			projectDirPath = "";
			projectRoot = "";
			targets = (
				7CD5B2AC23FF5C4C005A2AEA /* Budget */,
				7CD5B2C223FF5C4E005A2AEA /* BudgetTests */,
				7CD5B2CD23FF5C4E005A2AEA /* BudgetUITests */,
			);
		};
/* End PBXProject section */

/* Begin PBXResourcesBuildPhase section */
		7CD5B2AB23FF5C4C005A2AEA /* Resources */ = {
			isa = PBXResourcesBuildPhase;
			buildActionMask = 2147483647;
			files = (
				7CD5B2BD23FF5C4D005A2AEA /* LaunchScreen.storyboard in Resources */,
				7CD5B2BA23FF5C4D005A2AEA /* Preview Assets.xcassets in Resources */,
				7CD5B2B723FF5C4D005A2AEA /* Assets.xcassets in Resources */,
			);
			runOnlyForDeploymentPostprocessing = 0;
		};
		7CD5B2C123FF5C4E005A2AEA /* Resources */ = {
			isa = PBXResourcesBuildPhase;
			buildActionMask = 2147483647;
			files = (
			);
			runOnlyForDeploymentPostprocessing = 0;
		};
		7CD5B2CC23FF5C4E005A2AEA /* Resources */ = {
			isa = PBXResourcesBuildPhase;
			buildActionMask = 2147483647;
			files = (
			);
			runOnlyForDeploymentPostprocessing = 0;
		};
/* End PBXResourcesBuildPhase section */

/* Begin PBXSourcesBuildPhase section */
		7CD5B2A923FF5C4C005A2AEA /* Sources */ = {
			isa = PBXSourcesBuildPhase;
			buildActionMask = 2147483647;
			files = (
				7CD5B2B123FF5C4C005A2AEA /* AppDelegate.swift in Sources */,
				7CD5B2B323FF5C4C005A2AEA /* SceneDelegate.swift in Sources */,
				7CD5B2B523FF5C4C005A2AEA /* ContentView.swift in Sources */,
				7CD5B2E123FF89A0005A2AEA /* Category.swift in Sources */,
			);
			runOnlyForDeploymentPostprocessing = 0;
		};
		7CD5B2BF23FF5C4E005A2AEA /* Sources */ = {
			isa = PBXSourcesBuildPhase;
			buildActionMask = 2147483647;
			files = (
				7CD5B2C823FF5C4E005A2AEA /* BudgetTests.swift in Sources */,
			);
			runOnlyForDeploymentPostprocessing = 0;
		};
		7CD5B2CA23FF5C4E005A2AEA /* Sources */ = {
			isa = PBXSourcesBuildPhase;
			buildActionMask = 2147483647;
			files = (
				7CD5B2D323FF5C4E005A2AEA /* BudgetUITests.swift in Sources */,
			);
			runOnlyForDeploymentPostprocessing = 0;
		};
/* End PBXSourcesBuildPhase section */

/* Begin PBXTargetDependency section */
		7CD5B2C523FF5C4E005A2AEA /* PBXTargetDependency */ = {
			isa = PBXTargetDependency;
			target = 7CD5B2AC23FF5C4C005A2AEA /* Budget */;
			targetProxy = 7CD5B2C423FF5C4E005A2AEA /* PBXContainerItemProxy */;
		};
		7CD5B2D023FF5C4E005A2AEA /* PBXTargetDependency */ = {
			isa = PBXTargetDependency;
			target = 7CD5B2AC23FF5C4C005A2AEA /* Budget */;
			targetProxy = 7CD5B2CF23FF5C4E005A2AEA /* PBXContainerItemProxy */;
		};
/* End PBXTargetDependency section */

/* Begin PBXVariantGroup section */
		7CD5B2BB23FF5C4D005A2AEA /* LaunchScreen.storyboard */ = {
			isa = PBXVariantGroup;
			children = (
				7CD5B2BC23FF5C4D005A2AEA /* Base */,
			);
			name = LaunchScreen.storyboard;
			sourceTree = "<group>";
		};
/* End PBXVariantGroup section */

/* Begin XCBuildConfiguration section */
		7CD5B2D523FF5C4E005A2AEA /* Debug */ = {
			isa = XCBuildConfiguration;
			buildSettings = {
				ALWAYS_SEARCH_USER_PATHS = NO;
				CLANG_ANALYZER_NONNULL = YES;
				CLANG_ANALYZER_NUMBER_OBJECT_CONVERSION = YES_AGGRESSIVE;
				CLANG_CXX_LANGUAGE_STANDARD = "gnu++14";
				CLANG_CXX_LIBRARY = "libc++";
				CLANG_ENABLE_MODULES = YES;
				CLANG_ENABLE_OBJC_ARC = YES;
				CLANG_ENABLE_OBJC_WEAK = YES;
				CLANG_WARN_BLOCK_CAPTURE_AUTORELEASING = YES;
				CLANG_WARN_BOOL_CONVERSION = YES;
				CLANG_WARN_COMMA = YES;
				CLANG_WARN_CONSTANT_CONVERSION = YES;
				CLANG_WARN_DEPRECATED_OBJC_IMPLEMENTATIONS = YES;
				CLANG_WARN_DIRECT_OBJC_ISA_USAGE = YES_ERROR;
				CLANG_WARN_DOCUMENTATION_COMMENTS = YES;
				CLANG_WARN_EMPTY_BODY = YES;
				CLANG_WARN_ENUM_CONVERSION = YES;
				CLANG_WARN_INFINITE_RECURSION = YES;
				CLANG_WARN_INT_CONVERSION = YES;
				CLANG_WARN_NON_LITERAL_NULL_CONVERSION = YES;
				CLANG_WARN_OBJC_IMPLICIT_RETAIN_SELF = YES;
				CLANG_WARN_OBJC_LITERAL_CONVERSION = YES;
				CLANG_WARN_OBJC_ROOT_CLASS = YES_ERROR;
				CLANG_WARN_RANGE_LOOP_ANALYSIS = YES;
				CLANG_WARN_STRICT_PROTOTYPES = YES;
				CLANG_WARN_SUSPICIOUS_MOVE = YES;
				CLANG_WARN_UNGUARDED_AVAILABILITY = YES_AGGRESSIVE;
				CLANG_WARN_UNREACHABLE_CODE = YES;
				CLANG_WARN__DUPLICATE_METHOD_MATCH = YES;
				COPY_PHASE_STRIP = NO;
				DEBUG_INFORMATION_FORMAT = dwarf;
				ENABLE_STRICT_OBJC_MSGSEND = YES;
				ENABLE_TESTABILITY = YES;
				GCC_C_LANGUAGE_STANDARD = gnu11;
				GCC_DYNAMIC_NO_PIC = NO;
				GCC_NO_COMMON_BLOCKS = YES;
				GCC_OPTIMIZATION_LEVEL = 0;
				GCC_PREPROCESSOR_DEFINITIONS = (
					"DEBUG=1",
					"$(inherited)",
				);
				GCC_WARN_64_TO_32_BIT_CONVERSION = YES;
				GCC_WARN_ABOUT_RETURN_TYPE = YES_ERROR;
				GCC_WARN_UNDECLARED_SELECTOR = YES;
				GCC_WARN_UNINITIALIZED_AUTOS = YES_AGGRESSIVE;
				GCC_WARN_UNUSED_FUNCTION = YES;
				GCC_WARN_UNUSED_VARIABLE = YES;
				IPHONEOS_DEPLOYMENT_TARGET = 13.2;
				MTL_ENABLE_DEBUG_INFO = INCLUDE_SOURCE;
				MTL_FAST_MATH = YES;
				ONLY_ACTIVE_ARCH = YES;
				SDKROOT = iphoneos;
				SWIFT_ACTIVE_COMPILATION_CONDITIONS = DEBUG;
				SWIFT_OPTIMIZATION_LEVEL = "-Onone";
			};
			name = Debug;
		};
		7CD5B2D623FF5C4E005A2AEA /* Release */ = {
			isa = XCBuildConfiguration;
			buildSettings = {
				ALWAYS_SEARCH_USER_PATHS = NO;
				CLANG_ANALYZER_NONNULL = YES;
				CLANG_ANALYZER_NUMBER_OBJECT_CONVERSION = YES_AGGRESSIVE;
				CLANG_CXX_LANGUAGE_STANDARD = "gnu++14";
				CLANG_CXX_LIBRARY = "libc++";
				CLANG_ENABLE_MODULES = YES;
				CLANG_ENABLE_OBJC_ARC = YES;
				CLANG_ENABLE_OBJC_WEAK = YES;
				CLANG_WARN_BLOCK_CAPTURE_AUTORELEASING = YES;
				CLANG_WARN_BOOL_CONVERSION = YES;
				CLANG_WARN_COMMA = YES;
				CLANG_WARN_CONSTANT_CONVERSION = YES;
				CLANG_WARN_DEPRECATED_OBJC_IMPLEMENTATIONS = YES;
				CLANG_WARN_DIRECT_OBJC_ISA_USAGE = YES_ERROR;
				CLANG_WARN_DOCUMENTATION_COMMENTS = YES;
				CLANG_WARN_EMPTY_BODY = YES;
				CLANG_WARN_ENUM_CONVERSION = YES;
				CLANG_WARN_INFINITE_RECURSION = YES;
				CLANG_WARN_INT_CONVERSION = YES;
				CLANG_WARN_NON_LITERAL_NULL_CONVERSION = YES;
				CLANG_WARN_OBJC_IMPLICIT_RETAIN_SELF = YES;
				CLANG_WARN_OBJC_LITERAL_CONVERSION = YES;
				CLANG_WARN_OBJC_ROOT_CLASS = YES_ERROR;
				CLANG_WARN_RANGE_LOOP_ANALYSIS = YES;
				CLANG_WARN_STRICT_PROTOTYPES = YES;
				CLANG_WARN_SUSPICIOUS_MOVE = YES;
				CLANG_WARN_UNGUARDED_AVAILABILITY = YES_AGGRESSIVE;
				CLANG_WARN_UNREACHABLE_CODE = YES;
				CLANG_WARN__DUPLICATE_METHOD_MATCH = YES;
				COPY_PHASE_STRIP = NO;
				DEBUG_INFORMATION_FORMAT = "dwarf-with-dsym";
				ENABLE_NS_ASSERTIONS = NO;
				ENABLE_STRICT_OBJC_MSGSEND = YES;
				GCC_C_LANGUAGE_STANDARD = gnu11;
				GCC_NO_COMMON_BLOCKS = YES;
				GCC_WARN_64_TO_32_BIT_CONVERSION = YES;
				GCC_WARN_ABOUT_RETURN_TYPE = YES_ERROR;
				GCC_WARN_UNDECLARED_SELECTOR = YES;
				GCC_WARN_UNINITIALIZED_AUTOS = YES_AGGRESSIVE;
				GCC_WARN_UNUSED_FUNCTION = YES;
				GCC_WARN_UNUSED_VARIABLE = YES;
				IPHONEOS_DEPLOYMENT_TARGET = 13.2;
				MTL_ENABLE_DEBUG_INFO = NO;
				MTL_FAST_MATH = YES;
				SDKROOT = iphoneos;
				SWIFT_COMPILATION_MODE = wholemodule;
				SWIFT_OPTIMIZATION_LEVEL = "-O";
				VALIDATE_PRODUCT = YES;
			};
			name = Release;
		};
		7CD5B2D823FF5C4E005A2AEA /* Debug */ = {
			isa = XCBuildConfiguration;
			buildSettings = {
				ASSETCATALOG_COMPILER_APPICON_NAME = AppIcon;
				CODE_SIGN_STYLE = Automatic;
				DEVELOPMENT_ASSET_PATHS = "\"Budget/Preview Content\"";
				ENABLE_PREVIEWS = YES;
				INFOPLIST_FILE = Budget/Info.plist;
				LD_RUNPATH_SEARCH_PATHS = (
					"$(inherited)",
					"@executable_path/Frameworks",
				);
				PRODUCT_BUNDLE_IDENTIFIER = team.Budget;
				PRODUCT_NAME = "$(TARGET_NAME)";
				SWIFT_VERSION = 5.0;
				TARGETED_DEVICE_FAMILY = "1,2";
			};
			name = Debug;
		};
		7CD5B2D923FF5C4E005A2AEA /* Release */ = {
			isa = XCBuildConfiguration;
			buildSettings = {
				ASSETCATALOG_COMPILER_APPICON_NAME = AppIcon;
				CODE_SIGN_STYLE = Automatic;
				DEVELOPMENT_ASSET_PATHS = "\"Budget/Preview Content\"";
				ENABLE_PREVIEWS = YES;
				INFOPLIST_FILE = Budget/Info.plist;
				LD_RUNPATH_SEARCH_PATHS = (
					"$(inherited)",
					"@executable_path/Frameworks",
				);
				PRODUCT_BUNDLE_IDENTIFIER = team.Budget;
				PRODUCT_NAME = "$(TARGET_NAME)";
				SWIFT_VERSION = 5.0;
				TARGETED_DEVICE_FAMILY = "1,2";
			};
			name = Release;
		};
		7CD5B2DB23FF5C4E005A2AEA /* Debug */ = {
			isa = XCBuildConfiguration;
			buildSettings = {
				ALWAYS_EMBED_SWIFT_STANDARD_LIBRARIES = YES;
				BUNDLE_LOADER = "$(TEST_HOST)";
				CODE_SIGN_STYLE = Automatic;
				INFOPLIST_FILE = BudgetTests/Info.plist;
				IPHONEOS_DEPLOYMENT_TARGET = 13.2;
				LD_RUNPATH_SEARCH_PATHS = (
					"$(inherited)",
					"@executable_path/Frameworks",
					"@loader_path/Frameworks",
				);
				PRODUCT_BUNDLE_IDENTIFIER = team.BudgetTests;
				PRODUCT_NAME = "$(TARGET_NAME)";
				SWIFT_VERSION = 5.0;
				TARGETED_DEVICE_FAMILY = "1,2";
				TEST_HOST = "$(BUILT_PRODUCTS_DIR)/Budget.app/Budget";
			};
			name = Debug;
		};
		7CD5B2DC23FF5C4E005A2AEA /* Release */ = {
			isa = XCBuildConfiguration;
			buildSettings = {
				ALWAYS_EMBED_SWIFT_STANDARD_LIBRARIES = YES;
				BUNDLE_LOADER = "$(TEST_HOST)";
				CODE_SIGN_STYLE = Automatic;
				INFOPLIST_FILE = BudgetTests/Info.plist;
				IPHONEOS_DEPLOYMENT_TARGET = 13.2;
				LD_RUNPATH_SEARCH_PATHS = (
					"$(inherited)",
					"@executable_path/Frameworks",
					"@loader_path/Frameworks",
				);
				PRODUCT_BUNDLE_IDENTIFIER = team.BudgetTests;
				PRODUCT_NAME = "$(TARGET_NAME)";
				SWIFT_VERSION = 5.0;
				TARGETED_DEVICE_FAMILY = "1,2";
				TEST_HOST = "$(BUILT_PRODUCTS_DIR)/Budget.app/Budget";
			};
			name = Release;
		};
		7CD5B2DE23FF5C4E005A2AEA /* Debug */ = {
			isa = XCBuildConfiguration;
			buildSettings = {
				ALWAYS_EMBED_SWIFT_STANDARD_LIBRARIES = YES;
				CODE_SIGN_STYLE = Automatic;
				INFOPLIST_FILE = BudgetUITests/Info.plist;
				LD_RUNPATH_SEARCH_PATHS = (
					"$(inherited)",
					"@executable_path/Frameworks",
					"@loader_path/Frameworks",
				);
				PRODUCT_BUNDLE_IDENTIFIER = team.BudgetUITests;
				PRODUCT_NAME = "$(TARGET_NAME)";
				SWIFT_VERSION = 5.0;
				TARGETED_DEVICE_FAMILY = "1,2";
				TEST_TARGET_NAME = Budget;
			};
			name = Debug;
		};
		7CD5B2DF23FF5C4E005A2AEA /* Release */ = {
			isa = XCBuildConfiguration;
			buildSettings = {
				ALWAYS_EMBED_SWIFT_STANDARD_LIBRARIES = YES;
				CODE_SIGN_STYLE = Automatic;
				INFOPLIST_FILE = BudgetUITests/Info.plist;
				LD_RUNPATH_SEARCH_PATHS = (
					"$(inherited)",
					"@executable_path/Frameworks",
					"@loader_path/Frameworks",
				);
				PRODUCT_BUNDLE_IDENTIFIER = team.BudgetUITests;
				PRODUCT_NAME = "$(TARGET_NAME)";
				SWIFT_VERSION = 5.0;
				TARGETED_DEVICE_FAMILY = "1,2";
				TEST_TARGET_NAME = Budget;
			};
			name = Release;
		};
/* End XCBuildConfiguration section */

/* Begin XCConfigurationList section */
		7CD5B2A823FF5C4C005A2AEA /* Build configuration list for PBXProject "Budget" */ = {
			isa = XCConfigurationList;
			buildConfigurations = (
				7CD5B2D523FF5C4E005A2AEA /* Debug */,
				7CD5B2D623FF5C4E005A2AEA /* Release */,
			);
			defaultConfigurationIsVisible = 0;
			defaultConfigurationName = Release;
		};
		7CD5B2D723FF5C4E005A2AEA /* Build configuration list for PBXNativeTarget "Budget" */ = {
			isa = XCConfigurationList;
			buildConfigurations = (
				7CD5B2D823FF5C4E005A2AEA /* Debug */,
				7CD5B2D923FF5C4E005A2AEA /* Release */,
			);
			defaultConfigurationIsVisible = 0;
			defaultConfigurationName = Release;
		};
		7CD5B2DA23FF5C4E005A2AEA /* Build configuration list for PBXNativeTarget "BudgetTests" */ = {
			isa = XCConfigurationList;
			buildConfigurations = (
				7CD5B2DB23FF5C4E005A2AEA /* Debug */,
				7CD5B2DC23FF5C4E005A2AEA /* Release */,
			);
			defaultConfigurationIsVisible = 0;
			defaultConfigurationName = Release;
		};
		7CD5B2DD23FF5C4E005A2AEA /* Build configuration list for PBXNativeTarget "BudgetUITests" */ = {
			isa = XCConfigurationList;
			buildConfigurations = (
				7CD5B2DE23FF5C4E005A2AEA /* Debug */,
				7CD5B2DF23FF5C4E005A2AEA /* Release */,
			);
			defaultConfigurationIsVisible = 0;
			defaultConfigurationName = Release;
		};
/* End XCConfigurationList section */
	};
	rootObject = 7CD5B2A523FF5C4C005A2AEA /* Project object */;
}
